// !$*UTF8*$!
{
	archiveVersion = 1;
	classes = {
	};
	objectVersion = 56;
	objects = {

/* Begin PBXBuildFile section */
		B44EAC9F2AF4F09B00E81D58 /* books.json in Resources */ = {isa = PBXBuildFile; fileRef = D5927A168432810691567C58 /* books.json */; };
		B44EACA92AF51FFA00E81D58 /* atomic_habits_brief_summary_ukr.m4a in Resources */ = {isa = PBXBuildFile; fileRef = B44EACA82AF51FF900E81D58 /* atomic_habits_brief_summary_ukr.m4a */; };
		B4BE96442AEBB76A00AFC4EC /* PurchasesFeature.swift in Sources */ = {isa = PBXBuildFile; fileRef = B4BE96432AEBB76900AFC4EC /* PurchasesFeature.swift */; };
		B4BE96462AEBB77E00AFC4EC /* AudioPlayerFeature.swift in Sources */ = {isa = PBXBuildFile; fileRef = B4BE96452AEBB77E00AFC4EC /* AudioPlayerFeature.swift */; };
		B4BE96482AEBB7AD00AFC4EC /* BookSummaryFeature.swift in Sources */ = {isa = PBXBuildFile; fileRef = B4BE96472AEBB7AD00AFC4EC /* BookSummaryFeature.swift */; };
		B4BE964A2AEBB82F00AFC4EC /* BookSummaryViewModel.swift in Sources */ = {isa = PBXBuildFile; fileRef = B4BE96492AEBB82F00AFC4EC /* BookSummaryViewModel.swift */; };
		B4BE964C2AEBB89B00AFC4EC /* AudioPlayerViewModel.swift in Sources */ = {isa = PBXBuildFile; fileRef = B4BE964B2AEBB89B00AFC4EC /* AudioPlayerViewModel.swift */; };
		B4BE964E2AEBC8C100AFC4EC /* AudioPlayer.swift in Sources */ = {isa = PBXBuildFile; fileRef = B4BE964D2AEBC8C100AFC4EC /* AudioPlayer.swift */; };
		B4BFE18C2AE94C5700F07942 /* Headway_Test_TaskApp.swift in Sources */ = {isa = PBXBuildFile; fileRef = B4BFE18B2AE94C5700F07942 /* Headway_Test_TaskApp.swift */; };
		B4BFE18E2AE94C5700F07942 /* ContentView.swift in Sources */ = {isa = PBXBuildFile; fileRef = B4BFE18D2AE94C5700F07942 /* ContentView.swift */; };
		B4BFE1902AE94C5900F07942 /* Assets.xcassets in Resources */ = {isa = PBXBuildFile; fileRef = B4BFE18F2AE94C5900F07942 /* Assets.xcassets */; };
		B4BFE1932AE94C5900F07942 /* Preview Assets.xcassets in Resources */ = {isa = PBXBuildFile; fileRef = B4BFE1922AE94C5900F07942 /* Preview Assets.xcassets */; };
		B4BFE1A22AE94C5900F07942 /* Headway_Test_TaskTests.swift in Sources */ = {isa = PBXBuildFile; fileRef = B4BFE1A12AE94C5900F07942 /* Headway_Test_TaskTests.swift */; };
		B4BFE1AC2AE94C5900F07942 /* Headway_Test_TaskUITests.swift in Sources */ = {isa = PBXBuildFile; fileRef = B4BFE1AB2AE94C5900F07942 /* Headway_Test_TaskUITests.swift */; };
		B4BFE1AE2AE94C5900F07942 /* Headway_Test_TaskUITestsLaunchTests.swift in Sources */ = {isa = PBXBuildFile; fileRef = B4BFE1AD2AE94C5900F07942 /* Headway_Test_TaskUITestsLaunchTests.swift */; };
		B4BFE1BC2AE94E6000F07942 /* ComposableArchitecture in Frameworks */ = {isa = PBXBuildFile; productRef = B4BFE1BB2AE94E6000F07942 /* ComposableArchitecture */; };
		B4F54E222AF13D9100A759DD /* atomic_habits_cover.jpg in Resources */ = {isa = PBXBuildFile; fileRef = B4F54E212AF13D9100A759DD /* atomic_habits_cover.jpg */; };
		D59272EBB8D9784F1DE93397 /* BookKeyPointsFeature.swift in Sources */ = {isa = PBXBuildFile; fileRef = D59276DBC4EA450BA744786C /* BookKeyPointsFeature.swift */; };
		D5927331FDCF590E8678B696 /* UserActionsProcessingFeature.swift in Sources */ = {isa = PBXBuildFile; fileRef = D59277631C4DF32A9CC5E3B4 /* UserActionsProcessingFeature.swift */; };
		D592742A54D18289ED26EBBE /* DataModels.swift in Sources */ = {isa = PBXBuildFile; fileRef = D592749756AD97BD3A547924 /* DataModels.swift */; };
		D59274C1E34901D3C07A4299 /* ScenarioFeature.swift in Sources */ = {isa = PBXBuildFile; fileRef = D592707FF5165676B5553A5B /* ScenarioFeature.swift */; };
		D59274F6B9F8EFA833DD7B74 /* DataProvider.swift in Sources */ = {isa = PBXBuildFile; fileRef = D59274429934E24C63A7538D /* DataProvider.swift */; };
		D59276071062535AF0B3FE97 /* AppCore.swift in Sources */ = {isa = PBXBuildFile; fileRef = D592744B4ABE13F37AFA079B /* AppCore.swift */; };
		D592790C5308AC9BD8A20F72 /* AppReducer.swift in Sources */ = {isa = PBXBuildFile; fileRef = D5927915966D73AA71F5E92D /* AppReducer.swift */; };
		D5927A5E10D4ACF4ADE0BB72 /* PurchasesProvider.swift in Sources */ = {isa = PBXBuildFile; fileRef = D5927C02C6513930B9A73163 /* PurchasesProvider.swift */; };
		D5927B51DF81C2120CE51C8C /* Actions.swift in Sources */ = {isa = PBXBuildFile; fileRef = D59272FE094DC46FA0DACF69 /* Actions.swift */; };
		D5927ECF02EFE5F361B4A970 /* AudioPlayerView.swift in Sources */ = {isa = PBXBuildFile; fileRef = D592743B9260FDBFE9A50B60 /* AudioPlayerView.swift */; };
		D5927EE30DFBECD252E6B435 /* BookStoreFeature.swift in Sources */ = {isa = PBXBuildFile; fileRef = D592741AB3B7B8CA0B1C1C20 /* BookStoreFeature.swift */; };
		D5927F9196914A66884106C9 /* BookSummaryView.swift in Sources */ = {isa = PBXBuildFile; fileRef = D5927DEF7636526B39F7CABD /* BookSummaryView.swift */; };
/* End PBXBuildFile section */

/* Begin PBXContainerItemProxy section */
		B4BFE19E2AE94C5900F07942 /* PBXContainerItemProxy */ = {
			isa = PBXContainerItemProxy;
			containerPortal = B4BFE1802AE94C5700F07942 /* Project object */;
			proxyType = 1;
			remoteGlobalIDString = B4BFE1872AE94C5700F07942;
			remoteInfo = "Headway Test Task";
		};
		B4BFE1A82AE94C5900F07942 /* PBXContainerItemProxy */ = {
			isa = PBXContainerItemProxy;
			containerPortal = B4BFE1802AE94C5700F07942 /* Project object */;
			proxyType = 1;
			remoteGlobalIDString = B4BFE1872AE94C5700F07942;
			remoteInfo = "Headway Test Task";
		};
/* End PBXContainerItemProxy section */

/* Begin PBXFileReference section */
		B44EACA82AF51FF900E81D58 /* atomic_habits_brief_summary_ukr.m4a */ = {isa = PBXFileReference; lastKnownFileType = file; path = atomic_habits_brief_summary_ukr.m4a; sourceTree = "<group>"; };
		B4BE96432AEBB76900AFC4EC /* PurchasesFeature.swift */ = {isa = PBXFileReference; lastKnownFileType = sourcecode.swift; path = PurchasesFeature.swift; sourceTree = "<group>"; };
		B4BE96452AEBB77E00AFC4EC /* AudioPlayerFeature.swift */ = {isa = PBXFileReference; lastKnownFileType = sourcecode.swift; path = AudioPlayerFeature.swift; sourceTree = "<group>"; };
		B4BE96472AEBB7AD00AFC4EC /* BookSummaryFeature.swift */ = {isa = PBXFileReference; lastKnownFileType = sourcecode.swift; path = BookSummaryFeature.swift; sourceTree = "<group>"; };
		B4BE96492AEBB82F00AFC4EC /* BookSummaryViewModel.swift */ = {isa = PBXFileReference; lastKnownFileType = sourcecode.swift; path = BookSummaryViewModel.swift; sourceTree = "<group>"; };
		B4BE964B2AEBB89B00AFC4EC /* AudioPlayerViewModel.swift */ = {isa = PBXFileReference; lastKnownFileType = sourcecode.swift; path = AudioPlayerViewModel.swift; sourceTree = "<group>"; };
		B4BE964D2AEBC8C100AFC4EC /* AudioPlayer.swift */ = {isa = PBXFileReference; lastKnownFileType = sourcecode.swift; path = AudioPlayer.swift; sourceTree = "<group>"; };
		B4BFE1882AE94C5700F07942 /* Headway Test Task.app */ = {isa = PBXFileReference; explicitFileType = wrapper.application; includeInIndex = 0; path = "Headway Test Task.app"; sourceTree = BUILT_PRODUCTS_DIR; };
		B4BFE18B2AE94C5700F07942 /* Headway_Test_TaskApp.swift */ = {isa = PBXFileReference; lastKnownFileType = sourcecode.swift; path = Headway_Test_TaskApp.swift; sourceTree = "<group>"; };
		B4BFE18D2AE94C5700F07942 /* ContentView.swift */ = {isa = PBXFileReference; lastKnownFileType = sourcecode.swift; path = ContentView.swift; sourceTree = "<group>"; };
		B4BFE18F2AE94C5900F07942 /* Assets.xcassets */ = {isa = PBXFileReference; lastKnownFileType = folder.assetcatalog; path = Assets.xcassets; sourceTree = "<group>"; };
		B4BFE1922AE94C5900F07942 /* Preview Assets.xcassets */ = {isa = PBXFileReference; lastKnownFileType = folder.assetcatalog; path = "Preview Assets.xcassets"; sourceTree = "<group>"; };
		B4BFE19D2AE94C5900F07942 /* Headway Test TaskTests.xctest */ = {isa = PBXFileReference; explicitFileType = wrapper.cfbundle; includeInIndex = 0; path = "Headway Test TaskTests.xctest"; sourceTree = BUILT_PRODUCTS_DIR; };
		B4BFE1A12AE94C5900F07942 /* Headway_Test_TaskTests.swift */ = {isa = PBXFileReference; lastKnownFileType = sourcecode.swift; path = Headway_Test_TaskTests.swift; sourceTree = "<group>"; };
		B4BFE1A72AE94C5900F07942 /* Headway Test TaskUITests.xctest */ = {isa = PBXFileReference; explicitFileType = wrapper.cfbundle; includeInIndex = 0; path = "Headway Test TaskUITests.xctest"; sourceTree = BUILT_PRODUCTS_DIR; };
		B4BFE1AB2AE94C5900F07942 /* Headway_Test_TaskUITests.swift */ = {isa = PBXFileReference; lastKnownFileType = sourcecode.swift; path = Headway_Test_TaskUITests.swift; sourceTree = "<group>"; };
		B4BFE1AD2AE94C5900F07942 /* Headway_Test_TaskUITestsLaunchTests.swift */ = {isa = PBXFileReference; lastKnownFileType = sourcecode.swift; path = Headway_Test_TaskUITestsLaunchTests.swift; sourceTree = "<group>"; };
		B4F54E212AF13D9100A759DD /* atomic_habits_cover.jpg */ = {isa = PBXFileReference; lastKnownFileType = image.jpeg; path = atomic_habits_cover.jpg; sourceTree = "<group>"; };
		D592707FF5165676B5553A5B /* ScenarioFeature.swift */ = {isa = PBXFileReference; fileEncoding = 4; lastKnownFileType = sourcecode.swift; path = ScenarioFeature.swift; sourceTree = "<group>"; };
		D59272FE094DC46FA0DACF69 /* Actions.swift */ = {isa = PBXFileReference; fileEncoding = 4; lastKnownFileType = sourcecode.swift; path = Actions.swift; sourceTree = "<group>"; };
		D592741AB3B7B8CA0B1C1C20 /* BookStoreFeature.swift */ = {isa = PBXFileReference; fileEncoding = 4; lastKnownFileType = sourcecode.swift; path = BookStoreFeature.swift; sourceTree = "<group>"; };
		D592743B9260FDBFE9A50B60 /* AudioPlayerView.swift */ = {isa = PBXFileReference; fileEncoding = 4; lastKnownFileType = sourcecode.swift; path = AudioPlayerView.swift; sourceTree = "<group>"; };
		D59274429934E24C63A7538D /* DataProvider.swift */ = {isa = PBXFileReference; fileEncoding = 4; lastKnownFileType = sourcecode.swift; path = DataProvider.swift; sourceTree = "<group>"; };
		D592744B4ABE13F37AFA079B /* AppCore.swift */ = {isa = PBXFileReference; fileEncoding = 4; lastKnownFileType = sourcecode.swift; path = AppCore.swift; sourceTree = "<group>"; };
		D592749756AD97BD3A547924 /* DataModels.swift */ = {isa = PBXFileReference; fileEncoding = 4; lastKnownFileType = sourcecode.swift; path = DataModels.swift; sourceTree = "<group>"; };
		D59276DBC4EA450BA744786C /* BookKeyPointsFeature.swift */ = {isa = PBXFileReference; fileEncoding = 4; lastKnownFileType = sourcecode.swift; path = BookKeyPointsFeature.swift; sourceTree = "<group>"; };
		D59277631C4DF32A9CC5E3B4 /* UserActionsProcessingFeature.swift */ = {isa = PBXFileReference; fileEncoding = 4; lastKnownFileType = sourcecode.swift; path = UserActionsProcessingFeature.swift; sourceTree = "<group>"; };
		D5927915966D73AA71F5E92D /* AppReducer.swift */ = {isa = PBXFileReference; fileEncoding = 4; lastKnownFileType = sourcecode.swift; path = AppReducer.swift; sourceTree = "<group>"; };
		D5927A168432810691567C58 /* books.json */ = {isa = PBXFileReference; fileEncoding = 4; lastKnownFileType = text.json; path = books.json; sourceTree = "<group>"; };
		D5927C02C6513930B9A73163 /* PurchasesProvider.swift */ = {isa = PBXFileReference; fileEncoding = 4; lastKnownFileType = sourcecode.swift; path = PurchasesProvider.swift; sourceTree = "<group>"; };
		D5927DEF7636526B39F7CABD /* BookSummaryView.swift */ = {isa = PBXFileReference; fileEncoding = 4; lastKnownFileType = sourcecode.swift; path = BookSummaryView.swift; sourceTree = "<group>"; };
/* End PBXFileReference section */

/* Begin PBXFrameworksBuildPhase section */
		B4BFE1852AE94C5700F07942 /* Frameworks */ = {
			isa = PBXFrameworksBuildPhase;
			buildActionMask = 2147483647;
			files = (
				B4BFE1BC2AE94E6000F07942 /* ComposableArchitecture in Frameworks */,
			);
			runOnlyForDeploymentPostprocessing = 0;
		};
		B4BFE19A2AE94C5900F07942 /* Frameworks */ = {
			isa = PBXFrameworksBuildPhase;
			buildActionMask = 2147483647;
			files = (
			);
			runOnlyForDeploymentPostprocessing = 0;
		};
		B4BFE1A42AE94C5900F07942 /* Frameworks */ = {
			isa = PBXFrameworksBuildPhase;
			buildActionMask = 2147483647;
			files = (
			);
			runOnlyForDeploymentPostprocessing = 0;
		};
/* End PBXFrameworksBuildPhase section */

/* Begin PBXGroup section */
		B4BE96402AEBB61A00AFC4EC /* Model */ = {
			isa = PBXGroup;
			children = (
				B4BE96432AEBB76900AFC4EC /* PurchasesFeature.swift */,
				B4BE96452AEBB77E00AFC4EC /* AudioPlayerFeature.swift */,
				B4BE96472AEBB7AD00AFC4EC /* BookSummaryFeature.swift */,
				B4BE964D2AEBC8C100AFC4EC /* AudioPlayer.swift */,
				D59274429934E24C63A7538D /* DataProvider.swift */,
				D592749756AD97BD3A547924 /* DataModels.swift */,
				D592741AB3B7B8CA0B1C1C20 /* BookStoreFeature.swift */,
				D5927C02C6513930B9A73163 /* PurchasesProvider.swift */,
				D5927915966D73AA71F5E92D /* AppReducer.swift */,
				D59277631C4DF32A9CC5E3B4 /* UserActionsProcessingFeature.swift */,
				D59272FE094DC46FA0DACF69 /* Actions.swift */,
				D592744B4ABE13F37AFA079B /* AppCore.swift */,
				D59276DBC4EA450BA744786C /* BookKeyPointsFeature.swift */,
				D592707FF5165676B5553A5B /* ScenarioFeature.swift */,
			);
			path = Model;
			sourceTree = "<group>";
		};
		B4BE96412AEBB62800AFC4EC /* View-Model */ = {
			isa = PBXGroup;
			children = (
				B4BE96492AEBB82F00AFC4EC /* BookSummaryViewModel.swift */,
				B4BE964B2AEBB89B00AFC4EC /* AudioPlayerViewModel.swift */,
			);
			path = "View-Model";
			sourceTree = "<group>";
		};
		B4BE96422AEBB63000AFC4EC /* View */ = {
			isa = PBXGroup;
			children = (
				D592743B9260FDBFE9A50B60 /* AudioPlayerView.swift */,
				D5927DEF7636526B39F7CABD /* BookSummaryView.swift */,
			);
			path = View;
			sourceTree = "<group>";
		};
		B4BFE17F2AE94C5700F07942 = {
			isa = PBXGroup;
			children = (
				B4BFE18A2AE94C5700F07942 /* Headway Test Task */,
				B4BFE1A02AE94C5900F07942 /* Headway Test TaskTests */,
				B4BFE1AA2AE94C5900F07942 /* Headway Test TaskUITests */,
				B4BFE1892AE94C5700F07942 /* Products */,
			);
			sourceTree = "<group>";
		};
		B4BFE1892AE94C5700F07942 /* Products */ = {
			isa = PBXGroup;
			children = (
				B4BFE1882AE94C5700F07942 /* Headway Test Task.app */,
				B4BFE19D2AE94C5900F07942 /* Headway Test TaskTests.xctest */,
				B4BFE1A72AE94C5900F07942 /* Headway Test TaskUITests.xctest */,
			);
			name = Products;
			sourceTree = "<group>";
		};
		B4BFE18A2AE94C5700F07942 /* Headway Test Task */ = {
			isa = PBXGroup;
			children = (
				B4BE96402AEBB61A00AFC4EC /* Model */,
				B4BE96412AEBB62800AFC4EC /* View-Model */,
				B4BE96422AEBB63000AFC4EC /* View */,
				B4BFE18B2AE94C5700F07942 /* Headway_Test_TaskApp.swift */,
				B4BFE18D2AE94C5700F07942 /* ContentView.swift */,
				B4BFE18F2AE94C5900F07942 /* Assets.xcassets */,
				B4BFE1912AE94C5900F07942 /* Preview Content */,
				B4F54E202AF13D7100A759DD /* Resources */,
			);
			path = "Headway Test Task";
			sourceTree = "<group>";
		};
		B4BFE1912AE94C5900F07942 /* Preview Content */ = {
			isa = PBXGroup;
			children = (
				B4BFE1922AE94C5900F07942 /* Preview Assets.xcassets */,
			);
			path = "Preview Content";
			sourceTree = "<group>";
		};
		B4BFE1A02AE94C5900F07942 /* Headway Test TaskTests */ = {
			isa = PBXGroup;
			children = (
				B4BFE1A12AE94C5900F07942 /* Headway_Test_TaskTests.swift */,
			);
			path = "Headway Test TaskTests";
			sourceTree = "<group>";
		};
		B4BFE1AA2AE94C5900F07942 /* Headway Test TaskUITests */ = {
			isa = PBXGroup;
			children = (
				B4BFE1AB2AE94C5900F07942 /* Headway_Test_TaskUITests.swift */,
				B4BFE1AD2AE94C5900F07942 /* Headway_Test_TaskUITestsLaunchTests.swift */,
			);
			path = "Headway Test TaskUITests";
			sourceTree = "<group>";
		};
		B4F54E202AF13D7100A759DD /* Resources */ = {
			isa = PBXGroup;
			children = (
				B4F54E212AF13D9100A759DD /* atomic_habits_cover.jpg */,
				D5927A168432810691567C58 /* books.json */,
				B44EACA82AF51FF900E81D58 /* atomic_habits_brief_summary_ukr.m4a */,
			);
			path = Resources;
			sourceTree = "<group>";
		};
/* End PBXGroup section */

/* Begin PBXNativeTarget section */
		B4BFE1872AE94C5700F07942 /* Headway Test Task */ = {
			isa = PBXNativeTarget;
			buildConfigurationList = B4BFE1B12AE94C5900F07942 /* Build configuration list for PBXNativeTarget "Headway Test Task" */;
			buildPhases = (
				B4BFE1842AE94C5700F07942 /* Sources */,
				B4BFE1852AE94C5700F07942 /* Frameworks */,
				B4BFE1862AE94C5700F07942 /* Resources */,
			);
			buildRules = (
			);
			dependencies = (
			);
			name = "Headway Test Task";
			packageProductDependencies = (
				B4BFE1BB2AE94E6000F07942 /* ComposableArchitecture */,
			);
			productName = "Headway Test Task";
			productReference = B4BFE1882AE94C5700F07942 /* Headway Test Task.app */;
			productType = "com.apple.product-type.application";
		};
		B4BFE19C2AE94C5900F07942 /* Headway Test TaskTests */ = {
			isa = PBXNativeTarget;
			buildConfigurationList = B4BFE1B42AE94C5900F07942 /* Build configuration list for PBXNativeTarget "Headway Test TaskTests" */;
			buildPhases = (
				B4BFE1992AE94C5900F07942 /* Sources */,
				B4BFE19A2AE94C5900F07942 /* Frameworks */,
				B4BFE19B2AE94C5900F07942 /* Resources */,
			);
			buildRules = (
			);
			dependencies = (
				B4BFE19F2AE94C5900F07942 /* PBXTargetDependency */,
			);
			name = "Headway Test TaskTests";
			productName = "Headway Test TaskTests";
			productReference = B4BFE19D2AE94C5900F07942 /* Headway Test TaskTests.xctest */;
			productType = "com.apple.product-type.bundle.unit-test";
		};
		B4BFE1A62AE94C5900F07942 /* Headway Test TaskUITests */ = {
			isa = PBXNativeTarget;
			buildConfigurationList = B4BFE1B72AE94C5900F07942 /* Build configuration list for PBXNativeTarget "Headway Test TaskUITests" */;
			buildPhases = (
				B4BFE1A32AE94C5900F07942 /* Sources */,
				B4BFE1A42AE94C5900F07942 /* Frameworks */,
				B4BFE1A52AE94C5900F07942 /* Resources */,
			);
			buildRules = (
			);
			dependencies = (
				B4BFE1A92AE94C5900F07942 /* PBXTargetDependency */,
			);
			name = "Headway Test TaskUITests";
			productName = "Headway Test TaskUITests";
			productReference = B4BFE1A72AE94C5900F07942 /* Headway Test TaskUITests.xctest */;
			productType = "com.apple.product-type.bundle.ui-testing";
		};
/* End PBXNativeTarget section */

/* Begin PBXProject section */
		B4BFE1802AE94C5700F07942 /* Project object */ = {
			isa = PBXProject;
			attributes = {
				BuildIndependentTargetsInParallel = 1;
				LastSwiftUpdateCheck = 1500;
				LastUpgradeCheck = 1500;
				TargetAttributes = {
					B4BFE1872AE94C5700F07942 = {
						CreatedOnToolsVersion = 15.0.1;
					};
					B4BFE19C2AE94C5900F07942 = {
						CreatedOnToolsVersion = 15.0.1;
						TestTargetID = B4BFE1872AE94C5700F07942;
					};
					B4BFE1A62AE94C5900F07942 = {
						CreatedOnToolsVersion = 15.0.1;
						TestTargetID = B4BFE1872AE94C5700F07942;
					};
				};
			};
			buildConfigurationList = B4BFE1832AE94C5700F07942 /* Build configuration list for PBXProject "Headway Test Task" */;
			compatibilityVersion = "Xcode 14.0";
			developmentRegion = en;
			hasScannedForEncodings = 0;
			knownRegions = (
				en,
				Base,
			);
			mainGroup = B4BFE17F2AE94C5700F07942;
			packageReferences = (
				B4BFE1BA2AE94E6000F07942 /* XCRemoteSwiftPackageReference "swift-composable-architecture" */,
			);
			productRefGroup = B4BFE1892AE94C5700F07942 /* Products */;
			projectDirPath = "";
			projectRoot = "";
			targets = (
				B4BFE1872AE94C5700F07942 /* Headway Test Task */,
				B4BFE19C2AE94C5900F07942 /* Headway Test TaskTests */,
				B4BFE1A62AE94C5900F07942 /* Headway Test TaskUITests */,
			);
		};
/* End PBXProject section */

/* Begin PBXResourcesBuildPhase section */
		B4BFE1862AE94C5700F07942 /* Resources */ = {
			isa = PBXResourcesBuildPhase;
			buildActionMask = 2147483647;
			files = (
				B44EAC9F2AF4F09B00E81D58 /* books.json in Resources */,
				B4F54E222AF13D9100A759DD /* atomic_habits_cover.jpg in Resources */,
				B44EACA92AF51FFA00E81D58 /* atomic_habits_brief_summary_ukr.m4a in Resources */,
				B4BFE1932AE94C5900F07942 /* Preview Assets.xcassets in Resources */,
				B4BFE1902AE94C5900F07942 /* Assets.xcassets in Resources */,
			);
			runOnlyForDeploymentPostprocessing = 0;
		};
		B4BFE19B2AE94C5900F07942 /* Resources */ = {
			isa = PBXResourcesBuildPhase;
			buildActionMask = 2147483647;
			files = (
			);
			runOnlyForDeploymentPostprocessing = 0;
		};
		B4BFE1A52AE94C5900F07942 /* Resources */ = {
			isa = PBXResourcesBuildPhase;
			buildActionMask = 2147483647;
			files = (
			);
			runOnlyForDeploymentPostprocessing = 0;
		};
/* End PBXResourcesBuildPhase section */

/* Begin PBXSourcesBuildPhase section */
		B4BFE1842AE94C5700F07942 /* Sources */ = {
			isa = PBXSourcesBuildPhase;
			buildActionMask = 2147483647;
			files = (
				B4BE96442AEBB76A00AFC4EC /* PurchasesFeature.swift in Sources */,
				B4BE96482AEBB7AD00AFC4EC /* BookSummaryFeature.swift in Sources */,
				B4BE964C2AEBB89B00AFC4EC /* AudioPlayerViewModel.swift in Sources */,
				B4BE964E2AEBC8C100AFC4EC /* AudioPlayer.swift in Sources */,
				B4BFE18E2AE94C5700F07942 /* ContentView.swift in Sources */,
				B4BE96462AEBB77E00AFC4EC /* AudioPlayerFeature.swift in Sources */,
				B4BE964A2AEBB82F00AFC4EC /* BookSummaryViewModel.swift in Sources */,
				B4BFE18C2AE94C5700F07942 /* Headway_Test_TaskApp.swift in Sources */,
				D5927ECF02EFE5F361B4A970 /* AudioPlayerView.swift in Sources */,
				D5927F9196914A66884106C9 /* BookSummaryView.swift in Sources */,
				D59274F6B9F8EFA833DD7B74 /* DataProvider.swift in Sources */,
				D592742A54D18289ED26EBBE /* DataModels.swift in Sources */,
				D5927EE30DFBECD252E6B435 /* BookStoreFeature.swift in Sources */,
				D5927A5E10D4ACF4ADE0BB72 /* PurchasesProvider.swift in Sources */,
				D592790C5308AC9BD8A20F72 /* AppReducer.swift in Sources */,
				D5927331FDCF590E8678B696 /* UserActionsProcessingFeature.swift in Sources */,
				D5927B51DF81C2120CE51C8C /* Actions.swift in Sources */,
				D59276071062535AF0B3FE97 /* AppCore.swift in Sources */,
				D59272EBB8D9784F1DE93397 /* BookKeyPointsFeature.swift in Sources */,
				D59274C1E34901D3C07A4299 /* ScenarioFeature.swift in Sources */,
			);
			runOnlyForDeploymentPostprocessing = 0;
		};
		B4BFE1992AE94C5900F07942 /* Sources */ = {
			isa = PBXSourcesBuildPhase;
			buildActionMask = 2147483647;
			files = (
				B4BFE1A22AE94C5900F07942 /* Headway_Test_TaskTests.swift in Sources */,
			);
			runOnlyForDeploymentPostprocessing = 0;
		};
		B4BFE1A32AE94C5900F07942 /* Sources */ = {
			isa = PBXSourcesBuildPhase;
			buildActionMask = 2147483647;
			files = (
				B4BFE1AC2AE94C5900F07942 /* Headway_Test_TaskUITests.swift in Sources */,
				B4BFE1AE2AE94C5900F07942 /* Headway_Test_TaskUITestsLaunchTests.swift in Sources */,
			);
			runOnlyForDeploymentPostprocessing = 0;
		};
/* End PBXSourcesBuildPhase section */

/* Begin PBXTargetDependency section */
		B4BFE19F2AE94C5900F07942 /* PBXTargetDependency */ = {
			isa = PBXTargetDependency;
			target = B4BFE1872AE94C5700F07942 /* Headway Test Task */;
			targetProxy = B4BFE19E2AE94C5900F07942 /* PBXContainerItemProxy */;
		};
		B4BFE1A92AE94C5900F07942 /* PBXTargetDependency */ = {
			isa = PBXTargetDependency;
			target = B4BFE1872AE94C5700F07942 /* Headway Test Task */;
			targetProxy = B4BFE1A82AE94C5900F07942 /* PBXContainerItemProxy */;
		};
/* End PBXTargetDependency section */

/* Begin XCBuildConfiguration section */
		B4BFE1AF2AE94C5900F07942 /* Debug */ = {
			isa = XCBuildConfiguration;
			buildSettings = {
				ALWAYS_SEARCH_USER_PATHS = NO;
				ASSETCATALOG_COMPILER_GENERATE_SWIFT_ASSET_SYMBOL_EXTENSIONS = YES;
				CLANG_ANALYZER_NONNULL = YES;
				CLANG_ANALYZER_NUMBER_OBJECT_CONVERSION = YES_AGGRESSIVE;
				CLANG_CXX_LANGUAGE_STANDARD = "gnu++20";
				CLANG_ENABLE_MODULES = YES;
				CLANG_ENABLE_OBJC_ARC = YES;
				CLANG_ENABLE_OBJC_WEAK = YES;
				CLANG_WARN_BLOCK_CAPTURE_AUTORELEASING = YES;
				CLANG_WARN_BOOL_CONVERSION = YES;
				CLANG_WARN_COMMA = YES;
				CLANG_WARN_CONSTANT_CONVERSION = YES;
				CLANG_WARN_DEPRECATED_OBJC_IMPLEMENTATIONS = YES;
				CLANG_WARN_DIRECT_OBJC_ISA_USAGE = YES_ERROR;
				CLANG_WARN_DOCUMENTATION_COMMENTS = YES;
				CLANG_WARN_EMPTY_BODY = YES;
				CLANG_WARN_ENUM_CONVERSION = YES;
				CLANG_WARN_INFINITE_RECURSION = YES;
				CLANG_WARN_INT_CONVERSION = YES;
				CLANG_WARN_NON_LITERAL_NULL_CONVERSION = YES;
				CLANG_WARN_OBJC_IMPLICIT_RETAIN_SELF = YES;
				CLANG_WARN_OBJC_LITERAL_CONVERSION = YES;
				CLANG_WARN_OBJC_ROOT_CLASS = YES_ERROR;
				CLANG_WARN_QUOTED_INCLUDE_IN_FRAMEWORK_HEADER = YES;
				CLANG_WARN_RANGE_LOOP_ANALYSIS = YES;
				CLANG_WARN_STRICT_PROTOTYPES = YES;
				CLANG_WARN_SUSPICIOUS_MOVE = YES;
				CLANG_WARN_UNGUARDED_AVAILABILITY = YES_AGGRESSIVE;
				CLANG_WARN_UNREACHABLE_CODE = YES;
				CLANG_WARN__DUPLICATE_METHOD_MATCH = YES;
				COPY_PHASE_STRIP = NO;
				DEBUG_INFORMATION_FORMAT = dwarf;
				ENABLE_STRICT_OBJC_MSGSEND = YES;
				ENABLE_TESTABILITY = YES;
				ENABLE_USER_SCRIPT_SANDBOXING = YES;
				GCC_C_LANGUAGE_STANDARD = gnu17;
				GCC_DYNAMIC_NO_PIC = NO;
				GCC_NO_COMMON_BLOCKS = YES;
				GCC_OPTIMIZATION_LEVEL = 0;
				GCC_PREPROCESSOR_DEFINITIONS = (
					"DEBUG=1",
					"$(inherited)",
				);
				GCC_WARN_64_TO_32_BIT_CONVERSION = YES;
				GCC_WARN_ABOUT_RETURN_TYPE = YES_ERROR;
				GCC_WARN_UNDECLARED_SELECTOR = YES;
				GCC_WARN_UNINITIALIZED_AUTOS = YES_AGGRESSIVE;
				GCC_WARN_UNUSED_FUNCTION = YES;
				GCC_WARN_UNUSED_VARIABLE = YES;
				IPHONEOS_DEPLOYMENT_TARGET = 15.0;
				LOCALIZATION_PREFERS_STRING_CATALOGS = YES;
				MTL_ENABLE_DEBUG_INFO = INCLUDE_SOURCE;
				MTL_FAST_MATH = YES;
				ONLY_ACTIVE_ARCH = YES;
				SDKROOT = iphoneos;
				SWIFT_ACTIVE_COMPILATION_CONDITIONS = "DEBUG $(inherited)";
				SWIFT_OPTIMIZATION_LEVEL = "-Onone";
			};
			name = Debug;
		};
		B4BFE1B02AE94C5900F07942 /* Release */ = {
			isa = XCBuildConfiguration;
			buildSettings = {
				ALWAYS_SEARCH_USER_PATHS = NO;
				ASSETCATALOG_COMPILER_GENERATE_SWIFT_ASSET_SYMBOL_EXTENSIONS = YES;
				CLANG_ANALYZER_NONNULL = YES;
				CLANG_ANALYZER_NUMBER_OBJECT_CONVERSION = YES_AGGRESSIVE;
				CLANG_CXX_LANGUAGE_STANDARD = "gnu++20";
				CLANG_ENABLE_MODULES = YES;
				CLANG_ENABLE_OBJC_ARC = YES;
				CLANG_ENABLE_OBJC_WEAK = YES;
				CLANG_WARN_BLOCK_CAPTURE_AUTORELEASING = YES;
				CLANG_WARN_BOOL_CONVERSION = YES;
				CLANG_WARN_COMMA = YES;
				CLANG_WARN_CONSTANT_CONVERSION = YES;
				CLANG_WARN_DEPRECATED_OBJC_IMPLEMENTATIONS = YES;
				CLANG_WARN_DIRECT_OBJC_ISA_USAGE = YES_ERROR;
				CLANG_WARN_DOCUMENTATION_COMMENTS = YES;
				CLANG_WARN_EMPTY_BODY = YES;
				CLANG_WARN_ENUM_CONVERSION = YES;
				CLANG_WARN_INFINITE_RECURSION = YES;
				CLANG_WARN_INT_CONVERSION = YES;
				CLANG_WARN_NON_LITERAL_NULL_CONVERSION = YES;
				CLANG_WARN_OBJC_IMPLICIT_RETAIN_SELF = YES;
				CLANG_WARN_OBJC_LITERAL_CONVERSION = YES;
				CLANG_WARN_OBJC_ROOT_CLASS = YES_ERROR;
				CLANG_WARN_QUOTED_INCLUDE_IN_FRAMEWORK_HEADER = YES;
				CLANG_WARN_RANGE_LOOP_ANALYSIS = YES;
				CLANG_WARN_STRICT_PROTOTYPES = YES;
				CLANG_WARN_SUSPICIOUS_MOVE = YES;
				CLANG_WARN_UNGUARDED_AVAILABILITY = YES_AGGRESSIVE;
				CLANG_WARN_UNREACHABLE_CODE = YES;
				CLANG_WARN__DUPLICATE_METHOD_MATCH = YES;
				COPY_PHASE_STRIP = NO;
				DEBUG_INFORMATION_FORMAT = "dwarf-with-dsym";
				ENABLE_NS_ASSERTIONS = NO;
				ENABLE_STRICT_OBJC_MSGSEND = YES;
				ENABLE_USER_SCRIPT_SANDBOXING = YES;
				GCC_C_LANGUAGE_STANDARD = gnu17;
				GCC_NO_COMMON_BLOCKS = YES;
				GCC_WARN_64_TO_32_BIT_CONVERSION = YES;
				GCC_WARN_ABOUT_RETURN_TYPE = YES_ERROR;
				GCC_WARN_UNDECLARED_SELECTOR = YES;
				GCC_WARN_UNINITIALIZED_AUTOS = YES_AGGRESSIVE;
				GCC_WARN_UNUSED_FUNCTION = YES;
				GCC_WARN_UNUSED_VARIABLE = YES;
				IPHONEOS_DEPLOYMENT_TARGET = 15.0;
				LOCALIZATION_PREFERS_STRING_CATALOGS = YES;
				MTL_ENABLE_DEBUG_INFO = NO;
				MTL_FAST_MATH = YES;
				SDKROOT = iphoneos;
				SWIFT_COMPILATION_MODE = wholemodule;
				VALIDATE_PRODUCT = YES;
			};
			name = Release;
		};
		B4BFE1B22AE94C5900F07942 /* Debug */ = {
			isa = XCBuildConfiguration;
			buildSettings = {
				ASSETCATALOG_COMPILER_APPICON_NAME = AppIcon;
				ASSETCATALOG_COMPILER_GLOBAL_ACCENT_COLOR_NAME = AccentColor;
				CODE_SIGN_STYLE = Automatic;
				CURRENT_PROJECT_VERSION = 1;
				DEVELOPMENT_ASSET_PATHS = "\"Headway Test Task/Preview Content\"";
				DEVELOPMENT_TEAM = DETCGBSBE9;
				ENABLE_PREVIEWS = YES;
				GENERATE_INFOPLIST_FILE = YES;
				INFOPLIST_KEY_LSApplicationCategoryType = "public.app-category.education";
				INFOPLIST_KEY_UIApplicationSceneManifest_Generation = YES;
				INFOPLIST_KEY_UIApplicationSupportsIndirectInputEvents = YES;
				INFOPLIST_KEY_UILaunchScreen_Generation = YES;
				INFOPLIST_KEY_UISupportedInterfaceOrientations = UIInterfaceOrientationPortrait;
				INFOPLIST_KEY_UISupportedInterfaceOrientations_iPad = "UIInterfaceOrientationLandscapeLeft UIInterfaceOrientationLandscapeRight UIInterfaceOrientationPortrait UIInterfaceOrientationPortraitUpsideDown";
				IPHONEOS_DEPLOYMENT_TARGET = 15.0;
				LD_RUNPATH_SEARCH_PATHS = (
					"$(inherited)",
					"@executable_path/Frameworks",
				);
				MARKETING_VERSION = 1.0;
				PRODUCT_BUNDLE_IDENTIFIER = "DK.Headway-Test-Task";
				PRODUCT_NAME = "$(TARGET_NAME)";
				SWIFT_EMIT_LOC_STRINGS = YES;
				SWIFT_VERSION = 5.0;
				TARGETED_DEVICE_FAMILY = "1,2";
			};
			name = Debug;
		};
		B4BFE1B32AE94C5900F07942 /* Release */ = {
			isa = XCBuildConfiguration;
			buildSettings = {
				ASSETCATALOG_COMPILER_APPICON_NAME = AppIcon;
				ASSETCATALOG_COMPILER_GLOBAL_ACCENT_COLOR_NAME = AccentColor;
				CODE_SIGN_STYLE = Automatic;
				CURRENT_PROJECT_VERSION = 1;
				DEVELOPMENT_ASSET_PATHS = "\"Headway Test Task/Preview Content\"";
				DEVELOPMENT_TEAM = DETCGBSBE9;
				ENABLE_PREVIEWS = YES;
				GENERATE_INFOPLIST_FILE = YES;
				INFOPLIST_KEY_LSApplicationCategoryType = "public.app-category.education";
				INFOPLIST_KEY_UIApplicationSceneManifest_Generation = YES;
				INFOPLIST_KEY_UIApplicationSupportsIndirectInputEvents = YES;
				INFOPLIST_KEY_UILaunchScreen_Generation = YES;
				INFOPLIST_KEY_UISupportedInterfaceOrientations = UIInterfaceOrientationPortrait;
				INFOPLIST_KEY_UISupportedInterfaceOrientations_iPad = "UIInterfaceOrientationLandscapeLeft UIInterfaceOrientationLandscapeRight UIInterfaceOrientationPortrait UIInterfaceOrientationPortraitUpsideDown";
				IPHONEOS_DEPLOYMENT_TARGET = 15.0;
				LD_RUNPATH_SEARCH_PATHS = (
					"$(inherited)",
					"@executable_path/Frameworks",
				);
				MARKETING_VERSION = 1.0;
				PRODUCT_BUNDLE_IDENTIFIER = "DK.Headway-Test-Task";
				PRODUCT_NAME = "$(TARGET_NAME)";
				SWIFT_EMIT_LOC_STRINGS = YES;
				SWIFT_VERSION = 5.0;
				TARGETED_DEVICE_FAMILY = "1,2";
			};
			name = Release;
		};
		B4BFE1B52AE94C5900F07942 /* Debug */ = {
			isa = XCBuildConfiguration;
			buildSettings = {
				ALWAYS_EMBED_SWIFT_STANDARD_LIBRARIES = YES;
				BUNDLE_LOADER = "$(TEST_HOST)";
				CODE_SIGN_STYLE = Automatic;
				CURRENT_PROJECT_VERSION = 1;
				DEVELOPMENT_TEAM = K3FHX47W54;
				GENERATE_INFOPLIST_FILE = YES;
				IPHONEOS_DEPLOYMENT_TARGET = 17.0;
				MARKETING_VERSION = 1.0;
				PRODUCT_BUNDLE_IDENTIFIER = "DK.Headway-Test-TaskTests";
				PRODUCT_NAME = "$(TARGET_NAME)";
				SWIFT_EMIT_LOC_STRINGS = NO;
				SWIFT_VERSION = 5.0;
				TARGETED_DEVICE_FAMILY = "1,2";
				TEST_HOST = "$(BUILT_PRODUCTS_DIR)/Headway Test Task.app/$(BUNDLE_EXECUTABLE_FOLDER_PATH)/Headway Test Task";
			};
			name = Debug;
		};
		B4BFE1B62AE94C5900F07942 /* Release */ = {
			isa = XCBuildConfiguration;
			buildSettings = {
				ALWAYS_EMBED_SWIFT_STANDARD_LIBRARIES = YES;
				BUNDLE_LOADER = "$(TEST_HOST)";
				CODE_SIGN_STYLE = Automatic;
				CURRENT_PROJECT_VERSION = 1;
				DEVELOPMENT_TEAM = K3FHX47W54;
				GENERATE_INFOPLIST_FILE = YES;
				IPHONEOS_DEPLOYMENT_TARGET = 17.0;
				MARKETING_VERSION = 1.0;
				PRODUCT_BUNDLE_IDENTIFIER = "DK.Headway-Test-TaskTests";
				PRODUCT_NAME = "$(TARGET_NAME)";
				SWIFT_EMIT_LOC_STRINGS = NO;
				SWIFT_VERSION = 5.0;
				TARGETED_DEVICE_FAMILY = "1,2";
				TEST_HOST = "$(BUILT_PRODUCTS_DIR)/Headway Test Task.app/$(BUNDLE_EXECUTABLE_FOLDER_PATH)/Headway Test Task";
			};
			name = Release;
		};
		B4BFE1B82AE94C5900F07942 /* Debug */ = {
			isa = XCBuildConfiguration;
			buildSettings = {
				ALWAYS_EMBED_SWIFT_STANDARD_LIBRARIES = YES;
				CODE_SIGN_STYLE = Automatic;
				CURRENT_PROJECT_VERSION = 1;
				DEVELOPMENT_TEAM = K3FHX47W54;
				GENERATE_INFOPLIST_FILE = YES;
				MARKETING_VERSION = 1.0;
				PRODUCT_BUNDLE_IDENTIFIER = "DK.Headway-Test-TaskUITests";
				PRODUCT_NAME = "$(TARGET_NAME)";
				SWIFT_EMIT_LOC_STRINGS = NO;
				SWIFT_VERSION = 5.0;
				TARGETED_DEVICE_FAMILY = "1,2";
				TEST_TARGET_NAME = "Headway Test Task";
			};
			name = Debug;
		};
		B4BFE1B92AE94C5900F07942 /* Release */ = {
			isa = XCBuildConfiguration;
			buildSettings = {
				ALWAYS_EMBED_SWIFT_STANDARD_LIBRARIES = YES;
				CODE_SIGN_STYLE = Automatic;
				CURRENT_PROJECT_VERSION = 1;
				DEVELOPMENT_TEAM = K3FHX47W54;
				GENERATE_INFOPLIST_FILE = YES;
				MARKETING_VERSION = 1.0;
				PRODUCT_BUNDLE_IDENTIFIER = "DK.Headway-Test-TaskUITests";
				PRODUCT_NAME = "$(TARGET_NAME)";
				SWIFT_EMIT_LOC_STRINGS = NO;
				SWIFT_VERSION = 5.0;
				TARGETED_DEVICE_FAMILY = "1,2";
				TEST_TARGET_NAME = "Headway Test Task";
			};
			name = Release;
		};
/* End XCBuildConfiguration section */

/* Begin XCConfigurationList section */
		B4BFE1832AE94C5700F07942 /* Build configuration list for PBXProject "Headway Test Task" */ = {
			isa = XCConfigurationList;
			buildConfigurations = (
				B4BFE1AF2AE94C5900F07942 /* Debug */,
				B4BFE1B02AE94C5900F07942 /* Release */,
			);
			defaultConfigurationIsVisible = 0;
			defaultConfigurationName = Release;
		};
		B4BFE1B12AE94C5900F07942 /* Build configuration list for PBXNativeTarget "Headway Test Task" */ = {
			isa = XCConfigurationList;
			buildConfigurations = (
				B4BFE1B22AE94C5900F07942 /* Debug */,
				B4BFE1B32AE94C5900F07942 /* Release */,
			);
			defaultConfigurationIsVisible = 0;
			defaultConfigurationName = Release;
		};
		B4BFE1B42AE94C5900F07942 /* Build configuration list for PBXNativeTarget "Headway Test TaskTests" */ = {
			isa = XCConfigurationList;
			buildConfigurations = (
				B4BFE1B52AE94C5900F07942 /* Debug */,
				B4BFE1B62AE94C5900F07942 /* Release */,
			);
			defaultConfigurationIsVisible = 0;
			defaultConfigurationName = Release;
		};
		B4BFE1B72AE94C5900F07942 /* Build configuration list for PBXNativeTarget "Headway Test TaskUITests" */ = {
			isa = XCConfigurationList;
			buildConfigurations = (
				B4BFE1B82AE94C5900F07942 /* Debug */,
				B4BFE1B92AE94C5900F07942 /* Release */,
			);
			defaultConfigurationIsVisible = 0;
			defaultConfigurationName = Release;
		};
/* End XCConfigurationList section */

/* Begin XCRemoteSwiftPackageReference section */
		B4BFE1BA2AE94E6000F07942 /* XCRemoteSwiftPackageReference "swift-composable-architecture" */ = {
			isa = XCRemoteSwiftPackageReference;
			repositoryURL = "https://github.com/pointfreeco/swift-composable-architecture";
			requirement = {
				kind = upToNextMajorVersion;
				minimumVersion = 1.2.0;
			};
		};
/* End XCRemoteSwiftPackageReference section */

/* Begin XCSwiftPackageProductDependency section */
		B4BFE1BB2AE94E6000F07942 /* ComposableArchitecture */ = {
			isa = XCSwiftPackageProductDependency;
			package = B4BFE1BA2AE94E6000F07942 /* XCRemoteSwiftPackageReference "swift-composable-architecture" */;
			productName = ComposableArchitecture;
		};
/* End XCSwiftPackageProductDependency section */
	};
	rootObject = B4BFE1802AE94C5700F07942 /* Project object */;
}
